
Microsoft Visual Studio Solution File, Format Version 12.00
# Visual Studio Version 17
VisualStudioVersion = 17.1.32328.378
MinimumVisualStudioVersion = 10.0.40219.1
Project("{FAE04EC0-301F-11D3-BF4B-00C04F79EFBC}") = "PublicHolidayChecker", "PublicHolidayChecker.csproj", "{CEEC03AC-C030-49D0-9213-0968D54C8E9D}"
EndProject
Global
	GlobalSection(SolutionConfigurationPlatforms) = preSolution
		Debug|Any CPU = Debug|Any CPU
		Release|Any CPU = Release|Any CPU
	EndGlobalSection
	GlobalSection(ProjectConfigurationPlatforms) = postSolution
		{CEEC03AC-C030-49D0-9213-0968D54C8E9D}.Debug|Any CPU.ActiveCfg = Debug|Any CPU
		{CEEC03AC-C030-49D0-9213-0968D54C8E9D}.Debug|Any CPU.Build.0 = Debug|Any CPU
		{CEEC03AC-C030-49D0-9213-0968D54C8E9D}.Release|Any CPU.ActiveCfg = Release|Any CPU
		{CEEC03AC-C030-49D0-9213-0968D54C8E9D}.Release|Any CPU.Build.0 = Release|Any CPU
	EndGlobalSection
	GlobalSection(SolutionProperties) = preSolution
		HideSolutionNode = FALSE
	EndGlobalSection
	GlobalSection(ExtensibilityGlobals) = postSolution
		SolutionGuid = {DB0C4653-2A5E-48E2-A9DD-ACF1F0DF89A2}
	EndGlobalSection
EndGlobal
